
Microsoft Visual Studio Solution File, Format Version 12.00
# Visual Studio 2017
Project("{FAE04EC0-301F-11D3-BF4B-00C04F79EFBC}") = "Brainstorming", "Brainstorming.csproj", "{061D9216-BF40-421A-3BDA-BE0D921054E2}"
EndProject
Global
	GlobalSection(SolutionConfigurationPlatforms) = preSolution
		Debug|Any CPU = Debug|Any CPU
		Release|Any CPU = Release|Any CPU
	EndGlobalSection
	GlobalSection(ProjectConfigurationPlatforms) = postSolution
		{061D9216-BF40-421A-3BDA-BE0D921054E2}.Debug|Any CPU.ActiveCfg = Debug|Any CPU
		{061D9216-BF40-421A-3BDA-BE0D921054E2}.Debug|Any CPU.Build.0 = Debug|Any CPU
		{061D9216-BF40-421A-3BDA-BE0D921054E2}.Release|Any CPU.ActiveCfg = Release|Any CPU
		{061D9216-BF40-421A-3BDA-BE0D921054E2}.Release|Any CPU.Build.0 = Release|Any CPU
	EndGlobalSection
	GlobalSection(SolutionProperties) = preSolution
		HideSolutionNode = FALSE
	EndGlobalSection
EndGlobal
